
Microsoft Visual Studio Solution File, Format Version 12.00
# Visual Studio Version 17
VisualStudioVersion = 17.4.33213.308
MinimumVisualStudioVersion = 10.0.40219.1
Project("{FAE04EC0-301F-11D3-BF4B-00C04F79EFBC}") = "Ejercicio2", "Ejercicio2.csproj", "{88EC2298-DE73-433E-9884-4FA4449504ED}"
EndProject
Global
	GlobalSection(SolutionConfigurationPlatforms) = preSolution
		Debug|Any CPU = Debug|Any CPU
		Release|Any CPU = Release|Any CPU
	EndGlobalSection
	GlobalSection(ProjectConfigurationPlatforms) = postSolution
		{88EC2298-DE73-433E-9884-4FA4449504ED}.Debug|Any CPU.ActiveCfg = Debug|Any CPU
		{88EC2298-DE73-433E-9884-4FA4449504ED}.Debug|Any CPU.Build.0 = Debug|Any CPU
		{88EC2298-DE73-433E-9884-4FA4449504ED}.Release|Any CPU.ActiveCfg = Release|Any CPU
		{88EC2298-DE73-433E-9884-4FA4449504ED}.Release|Any CPU.Build.0 = Release|Any CPU
	EndGlobalSection
	GlobalSection(SolutionProperties) = preSolution
		HideSolutionNode = FALSE
	EndGlobalSection
	GlobalSection(ExtensibilityGlobals) = postSolution
		SolutionGuid = {6EEE23E8-56DA-4ACF-AB54-19B125341F65}
	EndGlobalSection
EndGlobal
